// !$*UTF8*$!
{
	archiveVersion = 1;
	classes = {
	};
	objectVersion = 60;
	objects = {

/* Begin PBXBuildFile section */
		F427BC852D8C30A100FBF3F2 /* FitnessAppApp.swift in Sources */ = {isa = PBXBuildFile; fileRef = F427BC842D8C30A100FBF3F2 /* FitnessAppApp.swift */; };
		F427BC872D8C30A100FBF3F2 /* ContentView.swift in Sources */ = {isa = PBXBuildFile; fileRef = F427BC862D8C30A100FBF3F2 /* ContentView.swift */; };
		F427BC892D8C30A100FBF3F2 /* Item.swift in Sources */ = {isa = PBXBuildFile; fileRef = F427BC882D8C30A100FBF3F2 /* Item.swift */; };
		F427BC8B2D8C30A300FBF3F2 /* Assets.xcassets in Resources */ = {isa = PBXBuildFile; fileRef = F427BC8A2D8C30A300FBF3F2 /* Assets.xcassets */; };
		F427BC8E2D8C30A300FBF3F2 /* Preview Assets.xcassets in Resources */ = {isa = PBXBuildFile; fileRef = F427BC8D2D8C30A300FBF3F2 /* Preview Assets.xcassets */; };
		F427BC982D8C30A300FBF3F2 /* FitnessAppTests.swift in Sources */ = {isa = PBXBuildFile; fileRef = F427BC972D8C30A300FBF3F2 /* FitnessAppTests.swift */; };
		F427BCA22D8C30A300FBF3F2 /* FitnessAppUITests.swift in Sources */ = {isa = PBXBuildFile; fileRef = F427BCA12D8C30A300FBF3F2 /* FitnessAppUITests.swift */; };
		F427BCA42D8C30A300FBF3F2 /* FitnessAppUITestsLaunchTests.swift in Sources */ = {isa = PBXBuildFile; fileRef = F427BCA32D8C30A300FBF3F2 /* FitnessAppUITestsLaunchTests.swift */; };
/* End PBXBuildFile section */

/* Begin PBXContainerItemProxy section */
		F427BC942D8C30A300FBF3F2 /* PBXContainerItemProxy */ = {
			isa = PBXContainerItemProxy;
			containerPortal = F427BC792D8C30A100FBF3F2 /* Project object */;
			proxyType = 1;
			remoteGlobalIDString = F427BC802D8C30A100FBF3F2;
			remoteInfo = FitnessApp;
		};
		F427BC9E2D8C30A300FBF3F2 /* PBXContainerItemProxy */ = {
			isa = PBXContainerItemProxy;
			containerPortal = F427BC792D8C30A100FBF3F2 /* Project object */;
			proxyType = 1;
			remoteGlobalIDString = F427BC802D8C30A100FBF3F2;
			remoteInfo = FitnessApp;
		};
/* End PBXContainerItemProxy section */

/* Begin PBXFileReference section */
		F427BC812D8C30A100FBF3F2 /* FitnessApp.app */ = {isa = PBXFileReference; explicitFileType = wrapper.application; includeInIndex = 0; path = FitnessApp.app; sourceTree = BUILT_PRODUCTS_DIR; };
		F427BC842D8C30A100FBF3F2 /* FitnessAppApp.swift */ = {isa = PBXFileReference; lastKnownFileType = sourcecode.swift; path = FitnessAppApp.swift; sourceTree = "<group>"; };
		F427BC862D8C30A100FBF3F2 /* ContentView.swift */ = {isa = PBXFileReference; lastKnownFileType = sourcecode.swift; path = ContentView.swift; sourceTree = "<group>"; };
		F427BC882D8C30A100FBF3F2 /* Item.swift */ = {isa = PBXFileReference; lastKnownFileType = sourcecode.swift; path = Item.swift; sourceTree = "<group>"; };
		F427BC8A2D8C30A300FBF3F2 /* Assets.xcassets */ = {isa = PBXFileReference; lastKnownFileType = folder.assetcatalog; path = Assets.xcassets; sourceTree = "<group>"; };
		F427BC8D2D8C30A300FBF3F2 /* Preview Assets.xcassets */ = {isa = PBXFileReference; lastKnownFileType = folder.assetcatalog; path = "Preview Assets.xcassets"; sourceTree = "<group>"; };
		F427BC932D8C30A300FBF3F2 /* FitnessAppTests.xctest */ = {isa = PBXFileReference; explicitFileType = wrapper.cfbundle; includeInIndex = 0; path = FitnessAppTests.xctest; sourceTree = BUILT_PRODUCTS_DIR; };
		F427BC972D8C30A300FBF3F2 /* FitnessAppTests.swift */ = {isa = PBXFileReference; lastKnownFileType = sourcecode.swift; path = FitnessAppTests.swift; sourceTree = "<group>"; };
		F427BC9D2D8C30A300FBF3F2 /* FitnessAppUITests.xctest */ = {isa = PBXFileReference; explicitFileType = wrapper.cfbundle; includeInIndex = 0; path = FitnessAppUITests.xctest; sourceTree = BUILT_PRODUCTS_DIR; };
		F427BCA12D8C30A300FBF3F2 /* FitnessAppUITests.swift */ = {isa = PBXFileReference; lastKnownFileType = sourcecode.swift; path = FitnessAppUITests.swift; sourceTree = "<group>"; };
		F427BCA32D8C30A300FBF3F2 /* FitnessAppUITestsLaunchTests.swift */ = {isa = PBXFileReference; lastKnownFileType = sourcecode.swift; path = FitnessAppUITestsLaunchTests.swift; sourceTree = "<group>"; };
/* End PBXFileReference section */

/* Begin PBXFrameworksBuildPhase section */
		F427BC7E2D8C30A100FBF3F2 /* Frameworks */ = {
			isa = PBXFrameworksBuildPhase;
			buildActionMask = 2147483647;
			files = (
			);
			runOnlyForDeploymentPostprocessing = 0;
		};
		F427BC902D8C30A300FBF3F2 /* Frameworks */ = {
			isa = PBXFrameworksBuildPhase;
			buildActionMask = 2147483647;
			files = (
			);
			runOnlyForDeploymentPostprocessing = 0;
		};
		F427BC9A2D8C30A300FBF3F2 /* Frameworks */ = {
			isa = PBXFrameworksBuildPhase;
			buildActionMask = 2147483647;
			files = (
			);
			runOnlyForDeploymentPostprocessing = 0;
		};
/* End PBXFrameworksBuildPhase section */

/* Begin PBXGroup section */
		F427BC782D8C30A100FBF3F2 = {
			isa = PBXGroup;
			children = (
				F427BC832D8C30A100FBF3F2 /* FitnessApp */,
				F427BC962D8C30A300FBF3F2 /* FitnessAppTests */,
				F427BCA02D8C30A300FBF3F2 /* FitnessAppUITests */,
				F427BC822D8C30A100FBF3F2 /* Products */,
			);
			sourceTree = "<group>";
		};
		F427BC822D8C30A100FBF3F2 /* Products */ = {
			isa = PBXGroup;
			children = (
				F427BC812D8C30A100FBF3F2 /* FitnessApp.app */,
				F427BC932D8C30A300FBF3F2 /* FitnessAppTests.xctest */,
				F427BC9D2D8C30A300FBF3F2 /* FitnessAppUITests.xctest */,
			);
			name = Products;
			sourceTree = "<group>";
		};
		F427BC832D8C30A100FBF3F2 /* FitnessApp */ = {
			isa = PBXGroup;
			children = (
				F427BC842D8C30A100FBF3F2 /* FitnessAppApp.swift */,
				F427BC862D8C30A100FBF3F2 /* ContentView.swift */,
				F427BC882D8C30A100FBF3F2 /* Item.swift */,
				F427BC8A2D8C30A300FBF3F2 /* Assets.xcassets */,
				F427BC8C2D8C30A300FBF3F2 /* Preview Content */,
			);
			path = FitnessApp;
			sourceTree = "<group>";
		};
		F427BC8C2D8C30A300FBF3F2 /* Preview Content */ = {
			isa = PBXGroup;
			children = (
				F427BC8D2D8C30A300FBF3F2 /* Preview Assets.xcassets */,
			);
			path = "Preview Content";
			sourceTree = "<group>";
		};
		F427BC962D8C30A300FBF3F2 /* FitnessAppTests */ = {
			isa = PBXGroup;
			children = (
				F427BC972D8C30A300FBF3F2 /* FitnessAppTests.swift */,
			);
			path = FitnessAppTests;
			sourceTree = "<group>";
		};
		F427BCA02D8C30A300FBF3F2 /* FitnessAppUITests */ = {
			isa = PBXGroup;
			children = (
				F427BCA12D8C30A300FBF3F2 /* FitnessAppUITests.swift */,
				F427BCA32D8C30A300FBF3F2 /* FitnessAppUITestsLaunchTests.swift */,
			);
			path = FitnessAppUITests;
			sourceTree = "<group>";
		};
/* End PBXGroup section */

/* Begin PBXNativeTarget section */
		F427BC802D8C30A100FBF3F2 /* FitnessApp */ = {
			isa = PBXNativeTarget;
			buildConfigurationList = F427BCA72D8C30A300FBF3F2 /* Build configuration list for PBXNativeTarget "FitnessApp" */;
			buildPhases = (
				F427BC7D2D8C30A100FBF3F2 /* Sources */,
				F427BC7E2D8C30A100FBF3F2 /* Frameworks */,
				F427BC7F2D8C30A100FBF3F2 /* Resources */,
			);
			buildRules = (
			);
			dependencies = (
			);
			name = FitnessApp;
			productName = FitnessApp;
			productReference = F427BC812D8C30A100FBF3F2 /* FitnessApp.app */;
			productType = "com.apple.product-type.application";
		};
		F427BC922D8C30A300FBF3F2 /* FitnessAppTests */ = {
			isa = PBXNativeTarget;
			buildConfigurationList = F427BCAA2D8C30A300FBF3F2 /* Build configuration list for PBXNativeTarget "FitnessAppTests" */;
			buildPhases = (
				F427BC8F2D8C30A300FBF3F2 /* Sources */,
				F427BC902D8C30A300FBF3F2 /* Frameworks */,
				F427BC912D8C30A300FBF3F2 /* Resources */,
			);
			buildRules = (
			);
			dependencies = (
				F427BC952D8C30A300FBF3F2 /* PBXTargetDependency */,
			);
			name = FitnessAppTests;
			productName = FitnessAppTests;
			productReference = F427BC932D8C30A300FBF3F2 /* FitnessAppTests.xctest */;
			productType = "com.apple.product-type.bundle.unit-test";
		};
		F427BC9C2D8C30A300FBF3F2 /* FitnessAppUITests */ = {
			isa = PBXNativeTarget;
			buildConfigurationList = F427BCAD2D8C30A300FBF3F2 /* Build configuration list for PBXNativeTarget "FitnessAppUITests" */;
			buildPhases = (
				F427BC992D8C30A300FBF3F2 /* Sources */,
				F427BC9A2D8C30A300FBF3F2 /* Frameworks */,
				F427BC9B2D8C30A300FBF3F2 /* Resources */,
			);
			buildRules = (
			);
			dependencies = (
				F427BC9F2D8C30A300FBF3F2 /* PBXTargetDependency */,
			);
			name = FitnessAppUITests;
			productName = FitnessAppUITests;
			productReference = F427BC9D2D8C30A300FBF3F2 /* FitnessAppUITests.xctest */;
			productType = "com.apple.product-type.bundle.ui-testing";
		};
/* End PBXNativeTarget section */

/* Begin PBXProject section */
		F427BC792D8C30A100FBF3F2 /* Project object */ = {
			isa = PBXProject;
			attributes = {
				BuildIndependentTargetsInParallel = 1;
				LastSwiftUpdateCheck = 1600;
				LastUpgradeCheck = 1600;
				TargetAttributes = {
					F427BC802D8C30A100FBF3F2 = {
						CreatedOnToolsVersion = 16.0;
					};
					F427BC922D8C30A300FBF3F2 = {
						CreatedOnToolsVersion = 16.0;
						TestTargetID = F427BC802D8C30A100FBF3F2;
					};
					F427BC9C2D8C30A300FBF3F2 = {
						CreatedOnToolsVersion = 16.0;
						TestTargetID = F427BC802D8C30A100FBF3F2;
					};
				};
			};
			buildConfigurationList = F427BC7C2D8C30A100FBF3F2 /* Build configuration list for PBXProject "FitnessApp" */;
			compatibilityVersion = "Xcode 15.0";
			developmentRegion = en;
			hasScannedForEncodings = 0;
			knownRegions = (
				en,
				Base,
			);
			mainGroup = F427BC782D8C30A100FBF3F2;
			productRefGroup = F427BC822D8C30A100FBF3F2 /* Products */;
			projectDirPath = "";
			projectRoot = "";
			targets = (
				F427BC802D8C30A100FBF3F2 /* FitnessApp */,
				F427BC922D8C30A300FBF3F2 /* FitnessAppTests */,
				F427BC9C2D8C30A300FBF3F2 /* FitnessAppUITests */,
			);
		};
/* End PBXProject section */

/* Begin PBXResourcesBuildPhase section */
		F427BC7F2D8C30A100FBF3F2 /* Resources */ = {
			isa = PBXResourcesBuildPhase;
			buildActionMask = 2147483647;
			files = (
				F427BC8E2D8C30A300FBF3F2 /* Preview Assets.xcassets in Resources */,
				F427BC8B2D8C30A300FBF3F2 /* Assets.xcassets in Resources */,
			);
			runOnlyForDeploymentPostprocessing = 0;
		};
		F427BC912D8C30A300FBF3F2 /* Resources */ = {
			isa = PBXResourcesBuildPhase;
			buildActionMask = 2147483647;
			files = (
			);
			runOnlyForDeploymentPostprocessing = 0;
		};
		F427BC9B2D8C30A300FBF3F2 /* Resources */ = {
			isa = PBXResourcesBuildPhase;
			buildActionMask = 2147483647;
			files = (
			);
			runOnlyForDeploymentPostprocessing = 0;
		};
/* End PBXResourcesBuildPhase section */

/* Begin PBXSourcesBuildPhase section */
		F427BC7D2D8C30A100FBF3F2 /* Sources */ = {
			isa = PBXSourcesBuildPhase;
			buildActionMask = 2147483647;
			files = (
				F427BC872D8C30A100FBF3F2 /* ContentView.swift in Sources */,
				F427BC892D8C30A100FBF3F2 /* Item.swift in Sources */,
				F427BC852D8C30A100FBF3F2 /* FitnessAppApp.swift in Sources */,
			);
			runOnlyForDeploymentPostprocessing = 0;
		};
		F427BC8F2D8C30A300FBF3F2 /* Sources */ = {
			isa = PBXSourcesBuildPhase;
			buildActionMask = 2147483647;
			files = (
				F427BC982D8C30A300FBF3F2 /* FitnessAppTests.swift in Sources */,
			);
			runOnlyForDeploymentPostprocessing = 0;
		};
		F427BC992D8C30A300FBF3F2 /* Sources */ = {
			isa = PBXSourcesBuildPhase;
			buildActionMask = 2147483647;
			files = (
				F427BCA22D8C30A300FBF3F2 /* FitnessAppUITests.swift in Sources */,
				F427BCA42D8C30A300FBF3F2 /* FitnessAppUITestsLaunchTests.swift in Sources */,
			);
			runOnlyForDeploymentPostprocessing = 0;
		};
/* End PBXSourcesBuildPhase section */

/* Begin PBXTargetDependency section */
		F427BC952D8C30A300FBF3F2 /* PBXTargetDependency */ = {
			isa = PBXTargetDependency;
			target = F427BC802D8C30A100FBF3F2 /* FitnessApp */;
			targetProxy = F427BC942D8C30A300FBF3F2 /* PBXContainerItemProxy */;
		};
		F427BC9F2D8C30A300FBF3F2 /* PBXTargetDependency */ = {
			isa = PBXTargetDependency;
			target = F427BC802D8C30A100FBF3F2 /* FitnessApp */;
			targetProxy = F427BC9E2D8C30A300FBF3F2 /* PBXContainerItemProxy */;
		};
/* End PBXTargetDependency section */

/* Begin XCBuildConfiguration section */
		F427BCA52D8C30A300FBF3F2 /* Debug */ = {
			isa = XCBuildConfiguration;
			buildSettings = {
				ALWAYS_SEARCH_USER_PATHS = NO;
				ASSETCATALOG_COMPILER_GENERATE_SWIFT_ASSET_SYMBOL_EXTENSIONS = YES;
				CLANG_ANALYZER_NONNULL = YES;
				CLANG_ANALYZER_NUMBER_OBJECT_CONVERSION = YES_AGGRESSIVE;
				CLANG_CXX_LANGUAGE_STANDARD = "gnu++20";
				CLANG_ENABLE_MODULES = YES;
				CLANG_ENABLE_OBJC_ARC = YES;
				CLANG_ENABLE_OBJC_WEAK = YES;
				CLANG_WARN_BLOCK_CAPTURE_AUTORELEASING = YES;
				CLANG_WARN_BOOL_CONVERSION = YES;
				CLANG_WARN_COMMA = YES;
				CLANG_WARN_CONSTANT_CONVERSION = YES;
				CLANG_WARN_DEPRECATED_OBJC_IMPLEMENTATIONS = YES;
				CLANG_WARN_DIRECT_OBJC_ISA_USAGE = YES_ERROR;
				CLANG_WARN_DOCUMENTATION_COMMENTS = YES;
				CLANG_WARN_EMPTY_BODY = YES;
				CLANG_WARN_ENUM_CONVERSION = YES;
				CLANG_WARN_INFINITE_RECURSION = YES;
				CLANG_WARN_INT_CONVERSION = YES;
				CLANG_WARN_NON_LITERAL_NULL_CONVERSION = YES;
				CLANG_WARN_OBJC_IMPLICIT_RETAIN_SELF = YES;
				CLANG_WARN_OBJC_LITERAL_CONVERSION = YES;
				CLANG_WARN_OBJC_ROOT_CLASS = YES_ERROR;
				CLANG_WARN_QUOTED_INCLUDE_IN_FRAMEWORK_HEADER = YES;
				CLANG_WARN_RANGE_LOOP_ANALYSIS = YES;
				CLANG_WARN_STRICT_PROTOTYPES = YES;
				CLANG_WARN_SUSPICIOUS_MOVE = YES;
				CLANG_WARN_UNGUARDED_AVAILABILITY = YES_AGGRESSIVE;
				CLANG_WARN_UNREACHABLE_CODE = YES;
				CLANG_WARN__DUPLICATE_METHOD_MATCH = YES;
				COPY_PHASE_STRIP = NO;
				DEBUG_INFORMATION_FORMAT = dwarf;
				ENABLE_STRICT_OBJC_MSGSEND = YES;
				ENABLE_TESTABILITY = YES;
				ENABLE_USER_SCRIPT_SANDBOXING = YES;
				GCC_C_LANGUAGE_STANDARD = gnu17;
				GCC_DYNAMIC_NO_PIC = NO;
				GCC_NO_COMMON_BLOCKS = YES;
				GCC_OPTIMIZATION_LEVEL = 0;
				GCC_PREPROCESSOR_DEFINITIONS = (
					"DEBUG=1",
					"$(inherited)",
				);
				GCC_WARN_64_TO_32_BIT_CONVERSION = YES;
				GCC_WARN_ABOUT_RETURN_TYPE = YES_ERROR;
				GCC_WARN_UNDECLARED_SELECTOR = YES;
				GCC_WARN_UNINITIALIZED_AUTOS = YES_AGGRESSIVE;
				GCC_WARN_UNUSED_FUNCTION = YES;
				GCC_WARN_UNUSED_VARIABLE = YES;
				IPHONEOS_DEPLOYMENT_TARGET = 18.0;
				LOCALIZATION_PREFERS_STRING_CATALOGS = YES;
				MTL_ENABLE_DEBUG_INFO = INCLUDE_SOURCE;
				MTL_FAST_MATH = YES;
				ONLY_ACTIVE_ARCH = YES;
				SDKROOT = iphoneos;
				SWIFT_ACTIVE_COMPILATION_CONDITIONS = "DEBUG $(inherited)";
				SWIFT_OPTIMIZATION_LEVEL = "-Onone";
			};
			name = Debug;
		};
		F427BCA62D8C30A300FBF3F2 /* Release */ = {
			isa = XCBuildConfiguration;
			buildSettings = {
				ALWAYS_SEARCH_USER_PATHS = NO;
				ASSETCATALOG_COMPILER_GENERATE_SWIFT_ASSET_SYMBOL_EXTENSIONS = YES;
				CLANG_ANALYZER_NONNULL = YES;
				CLANG_ANALYZER_NUMBER_OBJECT_CONVERSION = YES_AGGRESSIVE;
				CLANG_CXX_LANGUAGE_STANDARD = "gnu++20";
				CLANG_ENABLE_MODULES = YES;
				CLANG_ENABLE_OBJC_ARC = YES;
				CLANG_ENABLE_OBJC_WEAK = YES;
				CLANG_WARN_BLOCK_CAPTURE_AUTORELEASING = YES;
				CLANG_WARN_BOOL_CONVERSION = YES;
				CLANG_WARN_COMMA = YES;
				CLANG_WARN_CONSTANT_CONVERSION = YES;
				CLANG_WARN_DEPRECATED_OBJC_IMPLEMENTATIONS = YES;
				CLANG_WARN_DIRECT_OBJC_ISA_USAGE = YES_ERROR;
				CLANG_WARN_DOCUMENTATION_COMMENTS = YES;
				CLANG_WARN_EMPTY_BODY = YES;
				CLANG_WARN_ENUM_CONVERSION = YES;
				CLANG_WARN_INFINITE_RECURSION = YES;
				CLANG_WARN_INT_CONVERSION = YES;
				CLANG_WARN_NON_LITERAL_NULL_CONVERSION = YES;
				CLANG_WARN_OBJC_IMPLICIT_RETAIN_SELF = YES;
				CLANG_WARN_OBJC_LITERAL_CONVERSION = YES;
				CLANG_WARN_OBJC_ROOT_CLASS = YES_ERROR;
				CLANG_WARN_QUOTED_INCLUDE_IN_FRAMEWORK_HEADER = YES;
				CLANG_WARN_RANGE_LOOP_ANALYSIS = YES;
				CLANG_WARN_STRICT_PROTOTYPES = YES;
				CLANG_WARN_SUSPICIOUS_MOVE = YES;
				CLANG_WARN_UNGUARDED_AVAILABILITY = YES_AGGRESSIVE;
				CLANG_WARN_UNREACHABLE_CODE = YES;
				CLANG_WARN__DUPLICATE_METHOD_MATCH = YES;
				COPY_PHASE_STRIP = NO;
				DEBUG_INFORMATION_FORMAT = "dwarf-with-dsym";
				ENABLE_NS_ASSERTIONS = NO;
				ENABLE_STRICT_OBJC_MSGSEND = YES;
				ENABLE_USER_SCRIPT_SANDBOXING = YES;
				GCC_C_LANGUAGE_STANDARD = gnu17;
				GCC_NO_COMMON_BLOCKS = YES;
				GCC_WARN_64_TO_32_BIT_CONVERSION = YES;
				GCC_WARN_ABOUT_RETURN_TYPE = YES_ERROR;
				GCC_WARN_UNDECLARED_SELECTOR = YES;
				GCC_WARN_UNINITIALIZED_AUTOS = YES_AGGRESSIVE;
				GCC_WARN_UNUSED_FUNCTION = YES;
				GCC_WARN_UNUSED_VARIABLE = YES;
				IPHONEOS_DEPLOYMENT_TARGET = 18.0;
				LOCALIZATION_PREFERS_STRING_CATALOGS = YES;
				MTL_ENABLE_DEBUG_INFO = NO;
				MTL_FAST_MATH = YES;
				SDKROOT = iphoneos;
				SWIFT_COMPILATION_MODE = wholemodule;
				VALIDATE_PRODUCT = YES;
			};
			name = Release;
		};
		F427BCA82D8C30A300FBF3F2 /* Debug */ = {
			isa = XCBuildConfiguration;
			buildSettings = {
				ASSETCATALOG_COMPILER_APPICON_NAME = AppIcon;
				ASSETCATALOG_COMPILER_GLOBAL_ACCENT_COLOR_NAME = AccentColor;
				CODE_SIGN_STYLE = Automatic;
				CURRENT_PROJECT_VERSION = 1;
				DEVELOPMENT_ASSET_PATHS = "\"FitnessApp/Preview Content\"";
				DEVELOPMENT_TEAM = TH99V92C88;
				ENABLE_PREVIEWS = YES;
				GENERATE_INFOPLIST_FILE = YES;
				INFOPLIST_KEY_UIApplicationSceneManifest_Generation = YES;
				INFOPLIST_KEY_UIApplicationSupportsIndirectInputEvents = YES;
				INFOPLIST_KEY_UILaunchScreen_Generation = YES;
				INFOPLIST_KEY_UISupportedInterfaceOrientations_iPad = "UIInterfaceOrientationPortrait UIInterfaceOrientationPortraitUpsideDown UIInterfaceOrientationLandscapeLeft UIInterfaceOrientationLandscapeRight";
				INFOPLIST_KEY_UISupportedInterfaceOrientations_iPhone = "UIInterfaceOrientationPortrait UIInterfaceOrientationLandscapeLeft UIInterfaceOrientationLandscapeRight";
				LD_RUNPATH_SEARCH_PATHS = (
					"$(inherited)",
					"@executable_path/Frameworks",
				);
				MARKETING_VERSION = 1.0;
				PRODUCT_BUNDLE_IDENTIFIER = "com.-FitnessApp.FitnessApp";
				PRODUCT_NAME = "$(TARGET_NAME)";
				SWIFT_EMIT_LOC_STRINGS = YES;
				SWIFT_VERSION = 5.0;
				TARGETED_DEVICE_FAMILY = "1,2";
			};
			name = Debug;
		};
		F427BCA92D8C30A300FBF3F2 /* Release */ = {
			isa = XCBuildConfiguration;
			buildSettings = {
				ASSETCATALOG_COMPILER_APPICON_NAME = AppIcon;
				ASSETCATALOG_COMPILER_GLOBAL_ACCENT_COLOR_NAME = AccentColor;
				CODE_SIGN_STYLE = Automatic;
				CURRENT_PROJECT_VERSION = 1;
				DEVELOPMENT_ASSET_PATHS = "\"FitnessApp/Preview Content\"";
				DEVELOPMENT_TEAM = TH99V92C88;
				ENABLE_PREVIEWS = YES;
				GENERATE_INFOPLIST_FILE = YES;
				INFOPLIST_KEY_UIApplicationSceneManifest_Generation = YES;
				INFOPLIST_KEY_UIApplicationSupportsIndirectInputEvents = YES;
				INFOPLIST_KEY_UILaunchScreen_Generation = YES;
				INFOPLIST_KEY_UISupportedInterfaceOrientations_iPad = "UIInterfaceOrientationPortrait UIInterfaceOrientationPortraitUpsideDown UIInterfaceOrientationLandscapeLeft UIInterfaceOrientationLandscapeRight";
				INFOPLIST_KEY_UISupportedInterfaceOrientations_iPhone = "UIInterfaceOrientationPortrait UIInterfaceOrientationLandscapeLeft UIInterfaceOrientationLandscapeRight";
				LD_RUNPATH_SEARCH_PATHS = (
					"$(inherited)",
					"@executable_path/Frameworks",
				);
				MARKETING_VERSION = 1.0;
				PRODUCT_BUNDLE_IDENTIFIER = "com.-FitnessApp.FitnessApp";
				PRODUCT_NAME = "$(TARGET_NAME)";
				SWIFT_EMIT_LOC_STRINGS = YES;
				SWIFT_VERSION = 5.0;
				TARGETED_DEVICE_FAMILY = "1,2";
			};
			name = Release;
		};
		F427BCAB2D8C30A300FBF3F2 /* Debug */ = {
			isa = XCBuildConfiguration;
			buildSettings = {
				BUNDLE_LOADER = "$(TEST_HOST)";
				CODE_SIGN_STYLE = Automatic;
				CURRENT_PROJECT_VERSION = 1;
				DEVELOPMENT_TEAM = TH99V92C88;
				GENERATE_INFOPLIST_FILE = YES;
				IPHONEOS_DEPLOYMENT_TARGET = 18.0;
				MARKETING_VERSION = 1.0;
				PRODUCT_BUNDLE_IDENTIFIER = "com.-FitnessApp.FitnessAppTests";
				PRODUCT_NAME = "$(TARGET_NAME)";
				SWIFT_EMIT_LOC_STRINGS = NO;
				SWIFT_VERSION = 5.0;
				TARGETED_DEVICE_FAMILY = "1,2";
				TEST_HOST = "$(BUILT_PRODUCTS_DIR)/FitnessApp.app/$(BUNDLE_EXECUTABLE_FOLDER_PATH)/FitnessApp";
			};
			name = Debug;
		};
		F427BCAC2D8C30A300FBF3F2 /* Release */ = {
			isa = XCBuildConfiguration;
			buildSettings = {
				BUNDLE_LOADER = "$(TEST_HOST)";
				CODE_SIGN_STYLE = Automatic;
				CURRENT_PROJECT_VERSION = 1;
				DEVELOPMENT_TEAM = TH99V92C88;
				GENERATE_INFOPLIST_FILE = YES;
				IPHONEOS_DEPLOYMENT_TARGET = 18.0;
				MARKETING_VERSION = 1.0;
				PRODUCT_BUNDLE_IDENTIFIER = "com.-FitnessApp.FitnessAppTests";
				PRODUCT_NAME = "$(TARGET_NAME)";
				SWIFT_EMIT_LOC_STRINGS = NO;
				SWIFT_VERSION = 5.0;
				TARGETED_DEVICE_FAMILY = "1,2";
				TEST_HOST = "$(BUILT_PRODUCTS_DIR)/FitnessApp.app/$(BUNDLE_EXECUTABLE_FOLDER_PATH)/FitnessApp";
			};
			name = Release;
		};
		F427BCAE2D8C30A300FBF3F2 /* Debug */ = {
			isa = XCBuildConfiguration;
			buildSettings = {
				CODE_SIGN_STYLE = Automatic;
				CURRENT_PROJECT_VERSION = 1;
				DEVELOPMENT_TEAM = TH99V92C88;
				GENERATE_INFOPLIST_FILE = YES;
				MARKETING_VERSION = 1.0;
				PRODUCT_BUNDLE_IDENTIFIER = "com.-FitnessApp.FitnessAppUITests";
				PRODUCT_NAME = "$(TARGET_NAME)";
				SWIFT_EMIT_LOC_STRINGS = NO;
				SWIFT_VERSION = 5.0;
				TARGETED_DEVICE_FAMILY = "1,2";
				TEST_TARGET_NAME = FitnessApp;
			};
			name = Debug;
		};
		F427BCAF2D8C30A300FBF3F2 /* Release */ = {
			isa = XCBuildConfiguration;
			buildSettings = {
				CODE_SIGN_STYLE = Automatic;
				CURRENT_PROJECT_VERSION = 1;
				DEVELOPMENT_TEAM = TH99V92C88;
				GENERATE_INFOPLIST_FILE = YES;
				MARKETING_VERSION = 1.0;
				PRODUCT_BUNDLE_IDENTIFIER = "com.-FitnessApp.FitnessAppUITests";
				PRODUCT_NAME = "$(TARGET_NAME)";
				SWIFT_EMIT_LOC_STRINGS = NO;
				SWIFT_VERSION = 5.0;
				TARGETED_DEVICE_FAMILY = "1,2";
				TEST_TARGET_NAME = FitnessApp;
			};
			name = Release;
		};
/* End XCBuildConfiguration section */

/* Begin XCConfigurationList section */
		F427BC7C2D8C30A100FBF3F2 /* Build configuration list for PBXProject "FitnessApp" */ = {
			isa = XCConfigurationList;
			buildConfigurations = (
				F427BCA52D8C30A300FBF3F2 /* Debug */,
				F427BCA62D8C30A300FBF3F2 /* Release */,
			);
			defaultConfigurationIsVisible = 0;
			defaultConfigurationName = Release;
		};
		F427BCA72D8C30A300FBF3F2 /* Build configuration list for PBXNativeTarget "FitnessApp" */ = {
			isa = XCConfigurationList;
			buildConfigurations = (
				F427BCA82D8C30A300FBF3F2 /* Debug */,
				F427BCA92D8C30A300FBF3F2 /* Release */,
			);
			defaultConfigurationIsVisible = 0;
			defaultConfigurationName = Release;
		};
		F427BCAA2D8C30A300FBF3F2 /* Build configuration list for PBXNativeTarget "FitnessAppTests" */ = {
			isa = XCConfigurationList;
			buildConfigurations = (
				F427BCAB2D8C30A300FBF3F2 /* Debug */,
				F427BCAC2D8C30A300FBF3F2 /* Release */,
			);
			defaultConfigurationIsVisible = 0;
			defaultConfigurationName = Release;
		};
		F427BCAD2D8C30A300FBF3F2 /* Build configuration list for PBXNativeTarget "FitnessAppUITests" */ = {
			isa = XCConfigurationList;
			buildConfigurations = (
				F427BCAE2D8C30A300FBF3F2 /* Debug */,
				F427BCAF2D8C30A300FBF3F2 /* Release */,
			);
			defaultConfigurationIsVisible = 0;
			defaultConfigurationName = Release;
		};
/* End XCConfigurationList section */
	};
	rootObject = F427BC792D8C30A100FBF3F2 /* Project object */;
}
